
Microsoft Visual Studio Solution File, Format Version 12.00
# Visual Studio Version 17
VisualStudioVersion = 17.1.32210.238
MinimumVisualStudioVersion = 10.0.40219.1
Project("{9A19103F-16F7-4668-BE54-9A1E7A4F7556}") = "Day1", "2022\Day1\Day1.csproj", "{1DB6E5EA-89BD-40BA-AC38-C5419A44D62B}"
EndProject
Project("{9A19103F-16F7-4668-BE54-9A1E7A4F7556}") = "Day2", "2022\Day2\Day2.csproj", "{15AA742C-5FFF-436E-9DB4-E126D86C6FAD}"
EndProject
Project("{9A19103F-16F7-4668-BE54-9A1E7A4F7556}") = "Day3", "2022\Day3\Day3.csproj", "{8FB046AC-5034-4EB6-ABD6-EAC146FBDCA5}"
EndProject
Project("{9A19103F-16F7-4668-BE54-9A1E7A4F7556}") = "Day4", "2022\Day4\Day4.csproj", "{9A941802-33E8-466E-88B4-9E415C845F1D}"
EndProject
Project("{9A19103F-16F7-4668-BE54-9A1E7A4F7556}") = "Day5", "2022\Day5\Day5.csproj", "{4FDBBAB4-C17D-4445-822F-CE1E8DCD4E47}"
EndProject
Project("{9A19103F-16F7-4668-BE54-9A1E7A4F7556}") = "Day6", "2022\Day6\Day6.csproj", "{B058CD45-8EC5-4055-AE49-C1908EABCF76}"
EndProject
Project("{9A19103F-16F7-4668-BE54-9A1E7A4F7556}") = "Day7", "2022\Day7\Day7.csproj", "{99ABA885-DECC-4386-99AA-FAA39289224E}"
EndProject
Project("{9A19103F-16F7-4668-BE54-9A1E7A4F7556}") = "Day8", "2022\Day8\Day8.csproj", "{62A58AAE-1F78-415A-92C7-3166916FA12E}"
EndProject
Project("{9A19103F-16F7-4668-BE54-9A1E7A4F7556}") = "Utils", "Utils\Utils.csproj", "{6BC09445-CB06-4F23-9946-EB62EAD215F4}"
EndProject
Project("{9A19103F-16F7-4668-BE54-9A1E7A4F7556}") = "Day9", "2022\Day9\Day9.csproj", "{CC961D5E-5DF7-43B8-BB2A-5D213FFE6808}"
EndProject
Project("{9A19103F-16F7-4668-BE54-9A1E7A4F7556}") = "Day10", "2022\Day10\Day10.csproj", "{67DAEDFC-F55E-48FF-934D-D31FD6EF1E94}"
EndProject
Project("{9A19103F-16F7-4668-BE54-9A1E7A4F7556}") = "Day11", "2022\Day11\Day11.csproj", "{3D158E8D-833D-40DD-9069-D4FD6A654324}"
EndProject
Project("{9A19103F-16F7-4668-BE54-9A1E7A4F7556}") = "Day12", "2022\Day12\Day12.csproj", "{6B4623E8-9D57-481C-997C-EFB8FA0BB654}"
EndProject
Project("{9A19103F-16F7-4668-BE54-9A1E7A4F7556}") = "Day13", "2022\Day13\Day13.csproj", "{82CD1D81-F0DD-4E93-ADB5-8BD9726975DA}"
EndProject
Project("{9A19103F-16F7-4668-BE54-9A1E7A4F7556}") = "Day14", "2022\Day14\Day14.csproj", "{80C520C1-2C2D-4F38-8635-AC29D301CE2D}"
EndProject
Project("{9A19103F-16F7-4668-BE54-9A1E7A4F7556}") = "Day15", "2022\Day15\Day15.csproj", "{F3886092-8CB7-429A-8CC6-747AFB6B9CE7}"
EndProject
Project("{9A19103F-16F7-4668-BE54-9A1E7A4F7556}") = "Day16", "2022\Day16\Day16.csproj", "{801BA298-4350-4586-BFE8-0C4D50B64B53}"
EndProject
Project("{9A19103F-16F7-4668-BE54-9A1E7A4F7556}") = "Day17", "2022\Day17\Day17.csproj", "{7259B038-ECFA-4646-B0D2-C2CEB43897DA}"
EndProject
Project("{9A19103F-16F7-4668-BE54-9A1E7A4F7556}") = "Day18", "2022\Day18\Day18.csproj", "{688DBAD9-1BE4-4A82-9D3A-688E876A0800}"
EndProject
Project("{9A19103F-16F7-4668-BE54-9A1E7A4F7556}") = "Day20", "2022\Day20\Day20.csproj", "{DC9628F0-0EB9-42B9-AE87-FC29B6D24845}"
EndProject
Project("{9A19103F-16F7-4668-BE54-9A1E7A4F7556}") = "Day19", "2022\Day19\Day19.csproj", "{8DE40E82-FDAE-472C-82A2-9A32B3A6A962}"
EndProject
Project("{9A19103F-16F7-4668-BE54-9A1E7A4F7556}") = "Day21", "2022\Day21\Day21.csproj", "{AA7662D1-E0D4-4030-88A3-596D6884C6B9}"
EndProject
Project("{9A19103F-16F7-4668-BE54-9A1E7A4F7556}") = "Day22", "2022\Day22\Day22.csproj", "{0E59AF95-803B-4C6E-9FB4-1A7E95F762F4}"
EndProject
Project("{9A19103F-16F7-4668-BE54-9A1E7A4F7556}") = "Day23", "2022\Day23\Day23.csproj", "{96929A69-8EA7-416F-86D6-4434EF4F059B}"
EndProject
Project("{9A19103F-16F7-4668-BE54-9A1E7A4F7556}") = "Day25", "2022\Day25\Day25.csproj", "{F123B6CE-27AA-472C-BE95-DCBF8B0D3619}"
EndProject
Project("{9A19103F-16F7-4668-BE54-9A1E7A4F7556}") = "Day24", "2022\Day24\Day24.csproj", "{C1F897D0-1137-4079-8EDE-9BD195A4E78D}"
EndProject
Project("{2150E333-8FDC-42A3-9474-1A3956D46DE8}") = "2022", "2022", "{8B9F415C-76BF-4354-A82F-06F23462E7A1}"
EndProject
Project("{2150E333-8FDC-42A3-9474-1A3956D46DE8}") = "2021", "2021", "{1A1159BD-499D-494F-A150-743A1CAD3A90}"
EndProject
Project("{9A19103F-16F7-4668-BE54-9A1E7A4F7556}") = "Day1", "2021\Day1\Day1.csproj", "{3E2EAFA1-6353-4E2F-B917-A444A0C8D57F}"
EndProject
Project("{9A19103F-16F7-4668-BE54-9A1E7A4F7556}") = "Day2", "2021\Day2\Day2.csproj", "{DAE7C488-19E0-444C-9FDC-D4B8D3F35D24}"
EndProject
Project("{9A19103F-16F7-4668-BE54-9A1E7A4F7556}") = "Day9", "2021\Day9\Day9.csproj", "{585B60E5-EFDB-4F7D-939E-4B22AA102621}"
EndProject
Project("{9A19103F-16F7-4668-BE54-9A1E7A4F7556}") = "Day10", "2021\Day10\Day10.csproj", "{D6E0104E-0DE4-44B2-AECF-5B1032F3C371}"
EndProject
Project("{9A19103F-16F7-4668-BE54-9A1E7A4F7556}") = "Day15", "2021\Day15\Day15.csproj", "{89B93837-D0DE-43E7-B3CC-4E06AC6F4697}"
EndProject
Project("{2150E333-8FDC-42A3-9474-1A3956D46DE8}") = "2023", "2023", "{D660B9DF-E385-4436-9909-AF582BEDF427}"
EndProject
Project("{9A19103F-16F7-4668-BE54-9A1E7A4F7556}") = "Day1", "2023\Day1\Day1.csproj", "{E52AEB33-F138-4BD6-906D-21603462809A}"
EndProject
Project("{9A19103F-16F7-4668-BE54-9A1E7A4F7556}") = "Day2", "2023\Day2\Day2.csproj", "{8F049CA8-27CD-4B58-AB96-0C655BB959B1}"
EndProject
Project("{9A19103F-16F7-4668-BE54-9A1E7A4F7556}") = "Day4", "2023\Day4\Day4.csproj", "{5640BFB9-0186-44F9-80C6-34561ACF0927}"
	ProjectSection(ProjectDependencies) = postProject
		{6BC09445-CB06-4F23-9946-EB62EAD215F4} = {6BC09445-CB06-4F23-9946-EB62EAD215F4}
	EndProjectSection
EndProject
Project("{9A19103F-16F7-4668-BE54-9A1E7A4F7556}") = "Day5", "2023\Day5\Day5.csproj", "{1077C30E-BD53-45F1-9FAA-D7A64A664FF5}"
EndProject
Project("{FAE04EC0-301F-11D3-BF4B-00C04F79EFBC}") = "Day8", "2023\Day8\Day8.csproj", "{E8FE1226-75A9-44E7-AE93-0FDE9B33131E}"
	ProjectSection(ProjectDependencies) = postProject
		{6BC09445-CB06-4F23-9946-EB62EAD215F4} = {6BC09445-CB06-4F23-9946-EB62EAD215F4}
	EndProjectSection
EndProject
Global
	GlobalSection(SolutionConfigurationPlatforms) = preSolution
		Debug|Any CPU = Debug|Any CPU
		Release|Any CPU = Release|Any CPU
	EndGlobalSection
	GlobalSection(ProjectConfigurationPlatforms) = postSolution
		{1DB6E5EA-89BD-40BA-AC38-C5419A44D62B}.Debug|Any CPU.ActiveCfg = Debug|Any CPU
		{1DB6E5EA-89BD-40BA-AC38-C5419A44D62B}.Debug|Any CPU.Build.0 = Debug|Any CPU
		{1DB6E5EA-89BD-40BA-AC38-C5419A44D62B}.Release|Any CPU.ActiveCfg = Release|Any CPU
		{1DB6E5EA-89BD-40BA-AC38-C5419A44D62B}.Release|Any CPU.Build.0 = Release|Any CPU
		{15AA742C-5FFF-436E-9DB4-E126D86C6FAD}.Debug|Any CPU.ActiveCfg = Debug|Any CPU
		{15AA742C-5FFF-436E-9DB4-E126D86C6FAD}.Debug|Any CPU.Build.0 = Debug|Any CPU
		{15AA742C-5FFF-436E-9DB4-E126D86C6FAD}.Release|Any CPU.ActiveCfg = Release|Any CPU
		{15AA742C-5FFF-436E-9DB4-E126D86C6FAD}.Release|Any CPU.Build.0 = Release|Any CPU
		{8FB046AC-5034-4EB6-ABD6-EAC146FBDCA5}.Debug|Any CPU.ActiveCfg = Debug|Any CPU
		{8FB046AC-5034-4EB6-ABD6-EAC146FBDCA5}.Debug|Any CPU.Build.0 = Debug|Any CPU
		{8FB046AC-5034-4EB6-ABD6-EAC146FBDCA5}.Release|Any CPU.ActiveCfg = Release|Any CPU
		{8FB046AC-5034-4EB6-ABD6-EAC146FBDCA5}.Release|Any CPU.Build.0 = Release|Any CPU
		{9A941802-33E8-466E-88B4-9E415C845F1D}.Debug|Any CPU.ActiveCfg = Debug|Any CPU
		{9A941802-33E8-466E-88B4-9E415C845F1D}.Debug|Any CPU.Build.0 = Debug|Any CPU
		{9A941802-33E8-466E-88B4-9E415C845F1D}.Release|Any CPU.ActiveCfg = Release|Any CPU
		{9A941802-33E8-466E-88B4-9E415C845F1D}.Release|Any CPU.Build.0 = Release|Any CPU
		{4FDBBAB4-C17D-4445-822F-CE1E8DCD4E47}.Debug|Any CPU.ActiveCfg = Debug|Any CPU
		{4FDBBAB4-C17D-4445-822F-CE1E8DCD4E47}.Debug|Any CPU.Build.0 = Debug|Any CPU
		{4FDBBAB4-C17D-4445-822F-CE1E8DCD4E47}.Release|Any CPU.ActiveCfg = Release|Any CPU
		{4FDBBAB4-C17D-4445-822F-CE1E8DCD4E47}.Release|Any CPU.Build.0 = Release|Any CPU
		{B058CD45-8EC5-4055-AE49-C1908EABCF76}.Debug|Any CPU.ActiveCfg = Debug|Any CPU
		{B058CD45-8EC5-4055-AE49-C1908EABCF76}.Debug|Any CPU.Build.0 = Debug|Any CPU
		{B058CD45-8EC5-4055-AE49-C1908EABCF76}.Release|Any CPU.ActiveCfg = Release|Any CPU
		{B058CD45-8EC5-4055-AE49-C1908EABCF76}.Release|Any CPU.Build.0 = Release|Any CPU
		{99ABA885-DECC-4386-99AA-FAA39289224E}.Debug|Any CPU.ActiveCfg = Debug|Any CPU
		{99ABA885-DECC-4386-99AA-FAA39289224E}.Debug|Any CPU.Build.0 = Debug|Any CPU
		{99ABA885-DECC-4386-99AA-FAA39289224E}.Release|Any CPU.ActiveCfg = Release|Any CPU
		{99ABA885-DECC-4386-99AA-FAA39289224E}.Release|Any CPU.Build.0 = Release|Any CPU
		{62A58AAE-1F78-415A-92C7-3166916FA12E}.Debug|Any CPU.ActiveCfg = Debug|Any CPU
		{62A58AAE-1F78-415A-92C7-3166916FA12E}.Debug|Any CPU.Build.0 = Debug|Any CPU
		{62A58AAE-1F78-415A-92C7-3166916FA12E}.Release|Any CPU.ActiveCfg = Release|Any CPU
		{62A58AAE-1F78-415A-92C7-3166916FA12E}.Release|Any CPU.Build.0 = Release|Any CPU
		{6BC09445-CB06-4F23-9946-EB62EAD215F4}.Debug|Any CPU.ActiveCfg = Debug|Any CPU
		{6BC09445-CB06-4F23-9946-EB62EAD215F4}.Debug|Any CPU.Build.0 = Debug|Any CPU
		{6BC09445-CB06-4F23-9946-EB62EAD215F4}.Release|Any CPU.ActiveCfg = Release|Any CPU
		{6BC09445-CB06-4F23-9946-EB62EAD215F4}.Release|Any CPU.Build.0 = Release|Any CPU
		{CC961D5E-5DF7-43B8-BB2A-5D213FFE6808}.Debug|Any CPU.ActiveCfg = Debug|Any CPU
		{CC961D5E-5DF7-43B8-BB2A-5D213FFE6808}.Debug|Any CPU.Build.0 = Debug|Any CPU
		{CC961D5E-5DF7-43B8-BB2A-5D213FFE6808}.Release|Any CPU.ActiveCfg = Release|Any CPU
		{CC961D5E-5DF7-43B8-BB2A-5D213FFE6808}.Release|Any CPU.Build.0 = Release|Any CPU
		{67DAEDFC-F55E-48FF-934D-D31FD6EF1E94}.Debug|Any CPU.ActiveCfg = Debug|Any CPU
		{67DAEDFC-F55E-48FF-934D-D31FD6EF1E94}.Debug|Any CPU.Build.0 = Debug|Any CPU
		{67DAEDFC-F55E-48FF-934D-D31FD6EF1E94}.Release|Any CPU.ActiveCfg = Release|Any CPU
		{67DAEDFC-F55E-48FF-934D-D31FD6EF1E94}.Release|Any CPU.Build.0 = Release|Any CPU
		{3D158E8D-833D-40DD-9069-D4FD6A654324}.Debug|Any CPU.ActiveCfg = Debug|Any CPU
		{3D158E8D-833D-40DD-9069-D4FD6A654324}.Debug|Any CPU.Build.0 = Debug|Any CPU
		{3D158E8D-833D-40DD-9069-D4FD6A654324}.Release|Any CPU.ActiveCfg = Release|Any CPU
		{3D158E8D-833D-40DD-9069-D4FD6A654324}.Release|Any CPU.Build.0 = Release|Any CPU
		{6B4623E8-9D57-481C-997C-EFB8FA0BB654}.Debug|Any CPU.ActiveCfg = Debug|Any CPU
		{6B4623E8-9D57-481C-997C-EFB8FA0BB654}.Debug|Any CPU.Build.0 = Debug|Any CPU
		{6B4623E8-9D57-481C-997C-EFB8FA0BB654}.Release|Any CPU.ActiveCfg = Release|Any CPU
		{6B4623E8-9D57-481C-997C-EFB8FA0BB654}.Release|Any CPU.Build.0 = Release|Any CPU
		{82CD1D81-F0DD-4E93-ADB5-8BD9726975DA}.Debug|Any CPU.ActiveCfg = Debug|Any CPU
		{82CD1D81-F0DD-4E93-ADB5-8BD9726975DA}.Debug|Any CPU.Build.0 = Debug|Any CPU
		{82CD1D81-F0DD-4E93-ADB5-8BD9726975DA}.Release|Any CPU.ActiveCfg = Release|Any CPU
		{82CD1D81-F0DD-4E93-ADB5-8BD9726975DA}.Release|Any CPU.Build.0 = Release|Any CPU
		{80C520C1-2C2D-4F38-8635-AC29D301CE2D}.Debug|Any CPU.ActiveCfg = Debug|Any CPU
		{80C520C1-2C2D-4F38-8635-AC29D301CE2D}.Debug|Any CPU.Build.0 = Debug|Any CPU
		{80C520C1-2C2D-4F38-8635-AC29D301CE2D}.Release|Any CPU.ActiveCfg = Release|Any CPU
		{80C520C1-2C2D-4F38-8635-AC29D301CE2D}.Release|Any CPU.Build.0 = Release|Any CPU
		{F3886092-8CB7-429A-8CC6-747AFB6B9CE7}.Debug|Any CPU.ActiveCfg = Debug|Any CPU
		{F3886092-8CB7-429A-8CC6-747AFB6B9CE7}.Debug|Any CPU.Build.0 = Debug|Any CPU
		{F3886092-8CB7-429A-8CC6-747AFB6B9CE7}.Release|Any CPU.ActiveCfg = Release|Any CPU
		{F3886092-8CB7-429A-8CC6-747AFB6B9CE7}.Release|Any CPU.Build.0 = Release|Any CPU
		{801BA298-4350-4586-BFE8-0C4D50B64B53}.Debug|Any CPU.ActiveCfg = Debug|Any CPU
		{801BA298-4350-4586-BFE8-0C4D50B64B53}.Debug|Any CPU.Build.0 = Debug|Any CPU
		{801BA298-4350-4586-BFE8-0C4D50B64B53}.Release|Any CPU.ActiveCfg = Release|Any CPU
		{801BA298-4350-4586-BFE8-0C4D50B64B53}.Release|Any CPU.Build.0 = Release|Any CPU
		{7259B038-ECFA-4646-B0D2-C2CEB43897DA}.Debug|Any CPU.ActiveCfg = Debug|Any CPU
		{7259B038-ECFA-4646-B0D2-C2CEB43897DA}.Debug|Any CPU.Build.0 = Debug|Any CPU
		{7259B038-ECFA-4646-B0D2-C2CEB43897DA}.Release|Any CPU.ActiveCfg = Release|Any CPU
		{7259B038-ECFA-4646-B0D2-C2CEB43897DA}.Release|Any CPU.Build.0 = Release|Any CPU
		{688DBAD9-1BE4-4A82-9D3A-688E876A0800}.Debug|Any CPU.ActiveCfg = Debug|Any CPU
		{688DBAD9-1BE4-4A82-9D3A-688E876A0800}.Debug|Any CPU.Build.0 = Debug|Any CPU
		{688DBAD9-1BE4-4A82-9D3A-688E876A0800}.Release|Any CPU.ActiveCfg = Release|Any CPU
		{688DBAD9-1BE4-4A82-9D3A-688E876A0800}.Release|Any CPU.Build.0 = Release|Any CPU
		{DC9628F0-0EB9-42B9-AE87-FC29B6D24845}.Debug|Any CPU.ActiveCfg = Debug|Any CPU
		{DC9628F0-0EB9-42B9-AE87-FC29B6D24845}.Debug|Any CPU.Build.0 = Debug|Any CPU
		{DC9628F0-0EB9-42B9-AE87-FC29B6D24845}.Release|Any CPU.ActiveCfg = Release|Any CPU
		{DC9628F0-0EB9-42B9-AE87-FC29B6D24845}.Release|Any CPU.Build.0 = Release|Any CPU
		{8DE40E82-FDAE-472C-82A2-9A32B3A6A962}.Debug|Any CPU.ActiveCfg = Debug|Any CPU
		{8DE40E82-FDAE-472C-82A2-9A32B3A6A962}.Debug|Any CPU.Build.0 = Debug|Any CPU
		{8DE40E82-FDAE-472C-82A2-9A32B3A6A962}.Release|Any CPU.ActiveCfg = Release|Any CPU
		{8DE40E82-FDAE-472C-82A2-9A32B3A6A962}.Release|Any CPU.Build.0 = Release|Any CPU
		{AA7662D1-E0D4-4030-88A3-596D6884C6B9}.Debug|Any CPU.ActiveCfg = Debug|Any CPU
		{AA7662D1-E0D4-4030-88A3-596D6884C6B9}.Debug|Any CPU.Build.0 = Debug|Any CPU
		{AA7662D1-E0D4-4030-88A3-596D6884C6B9}.Release|Any CPU.ActiveCfg = Release|Any CPU
		{AA7662D1-E0D4-4030-88A3-596D6884C6B9}.Release|Any CPU.Build.0 = Release|Any CPU
		{0E59AF95-803B-4C6E-9FB4-1A7E95F762F4}.Debug|Any CPU.ActiveCfg = Debug|Any CPU
		{0E59AF95-803B-4C6E-9FB4-1A7E95F762F4}.Debug|Any CPU.Build.0 = Debug|Any CPU
		{0E59AF95-803B-4C6E-9FB4-1A7E95F762F4}.Release|Any CPU.ActiveCfg = Release|Any CPU
		{0E59AF95-803B-4C6E-9FB4-1A7E95F762F4}.Release|Any CPU.Build.0 = Release|Any CPU
		{96929A69-8EA7-416F-86D6-4434EF4F059B}.Debug|Any CPU.ActiveCfg = Debug|Any CPU
		{96929A69-8EA7-416F-86D6-4434EF4F059B}.Debug|Any CPU.Build.0 = Debug|Any CPU
		{96929A69-8EA7-416F-86D6-4434EF4F059B}.Release|Any CPU.ActiveCfg = Release|Any CPU
		{96929A69-8EA7-416F-86D6-4434EF4F059B}.Release|Any CPU.Build.0 = Release|Any CPU
		{F123B6CE-27AA-472C-BE95-DCBF8B0D3619}.Debug|Any CPU.ActiveCfg = Debug|Any CPU
		{F123B6CE-27AA-472C-BE95-DCBF8B0D3619}.Debug|Any CPU.Build.0 = Debug|Any CPU
		{F123B6CE-27AA-472C-BE95-DCBF8B0D3619}.Release|Any CPU.ActiveCfg = Release|Any CPU
		{F123B6CE-27AA-472C-BE95-DCBF8B0D3619}.Release|Any CPU.Build.0 = Release|Any CPU
		{C1F897D0-1137-4079-8EDE-9BD195A4E78D}.Debug|Any CPU.ActiveCfg = Debug|Any CPU
		{C1F897D0-1137-4079-8EDE-9BD195A4E78D}.Debug|Any CPU.Build.0 = Debug|Any CPU
		{C1F897D0-1137-4079-8EDE-9BD195A4E78D}.Release|Any CPU.ActiveCfg = Release|Any CPU
		{C1F897D0-1137-4079-8EDE-9BD195A4E78D}.Release|Any CPU.Build.0 = Release|Any CPU
		{3E2EAFA1-6353-4E2F-B917-A444A0C8D57F}.Debug|Any CPU.ActiveCfg = Debug|Any CPU
		{3E2EAFA1-6353-4E2F-B917-A444A0C8D57F}.Debug|Any CPU.Build.0 = Debug|Any CPU
		{3E2EAFA1-6353-4E2F-B917-A444A0C8D57F}.Release|Any CPU.ActiveCfg = Release|Any CPU
		{3E2EAFA1-6353-4E2F-B917-A444A0C8D57F}.Release|Any CPU.Build.0 = Release|Any CPU
		{DAE7C488-19E0-444C-9FDC-D4B8D3F35D24}.Debug|Any CPU.ActiveCfg = Debug|Any CPU
		{DAE7C488-19E0-444C-9FDC-D4B8D3F35D24}.Debug|Any CPU.Build.0 = Debug|Any CPU
		{DAE7C488-19E0-444C-9FDC-D4B8D3F35D24}.Release|Any CPU.ActiveCfg = Release|Any CPU
		{DAE7C488-19E0-444C-9FDC-D4B8D3F35D24}.Release|Any CPU.Build.0 = Release|Any CPU
		{585B60E5-EFDB-4F7D-939E-4B22AA102621}.Debug|Any CPU.ActiveCfg = Debug|Any CPU
		{585B60E5-EFDB-4F7D-939E-4B22AA102621}.Debug|Any CPU.Build.0 = Debug|Any CPU
		{585B60E5-EFDB-4F7D-939E-4B22AA102621}.Release|Any CPU.ActiveCfg = Release|Any CPU
		{585B60E5-EFDB-4F7D-939E-4B22AA102621}.Release|Any CPU.Build.0 = Release|Any CPU
		{D6E0104E-0DE4-44B2-AECF-5B1032F3C371}.Debug|Any CPU.ActiveCfg = Debug|Any CPU
		{D6E0104E-0DE4-44B2-AECF-5B1032F3C371}.Debug|Any CPU.Build.0 = Debug|Any CPU
		{D6E0104E-0DE4-44B2-AECF-5B1032F3C371}.Release|Any CPU.ActiveCfg = Release|Any CPU
		{D6E0104E-0DE4-44B2-AECF-5B1032F3C371}.Release|Any CPU.Build.0 = Release|Any CPU
		{89B93837-D0DE-43E7-B3CC-4E06AC6F4697}.Debug|Any CPU.ActiveCfg = Debug|Any CPU
		{89B93837-D0DE-43E7-B3CC-4E06AC6F4697}.Debug|Any CPU.Build.0 = Debug|Any CPU
		{89B93837-D0DE-43E7-B3CC-4E06AC6F4697}.Release|Any CPU.ActiveCfg = Release|Any CPU
		{89B93837-D0DE-43E7-B3CC-4E06AC6F4697}.Release|Any CPU.Build.0 = Release|Any CPU
		{E52AEB33-F138-4BD6-906D-21603462809A}.Debug|Any CPU.ActiveCfg = Debug|Any CPU
		{E52AEB33-F138-4BD6-906D-21603462809A}.Debug|Any CPU.Build.0 = Debug|Any CPU
		{E52AEB33-F138-4BD6-906D-21603462809A}.Release|Any CPU.ActiveCfg = Release|Any CPU
		{E52AEB33-F138-4BD6-906D-21603462809A}.Release|Any CPU.Build.0 = Release|Any CPU
		{8F049CA8-27CD-4B58-AB96-0C655BB959B1}.Debug|Any CPU.ActiveCfg = Debug|Any CPU
		{8F049CA8-27CD-4B58-AB96-0C655BB959B1}.Debug|Any CPU.Build.0 = Debug|Any CPU
		{8F049CA8-27CD-4B58-AB96-0C655BB959B1}.Release|Any CPU.ActiveCfg = Release|Any CPU
		{8F049CA8-27CD-4B58-AB96-0C655BB959B1}.Release|Any CPU.Build.0 = Release|Any CPU
		{5640BFB9-0186-44F9-80C6-34561ACF0927}.Debug|Any CPU.ActiveCfg = Debug|Any CPU
		{5640BFB9-0186-44F9-80C6-34561ACF0927}.Debug|Any CPU.Build.0 = Debug|Any CPU
		{5640BFB9-0186-44F9-80C6-34561ACF0927}.Release|Any CPU.ActiveCfg = Release|Any CPU
		{5640BFB9-0186-44F9-80C6-34561ACF0927}.Release|Any CPU.Build.0 = Release|Any CPU
		{1077C30E-BD53-45F1-9FAA-D7A64A664FF5}.Debug|Any CPU.ActiveCfg = Debug|Any CPU
		{1077C30E-BD53-45F1-9FAA-D7A64A664FF5}.Debug|Any CPU.Build.0 = Debug|Any CPU
		{1077C30E-BD53-45F1-9FAA-D7A64A664FF5}.Release|Any CPU.ActiveCfg = Release|Any CPU
		{1077C30E-BD53-45F1-9FAA-D7A64A664FF5}.Release|Any CPU.Build.0 = Release|Any CPU
		{E8FE1226-75A9-44E7-AE93-0FDE9B33131E}.Debug|Any CPU.ActiveCfg = Debug|Any CPU
		{E8FE1226-75A9-44E7-AE93-0FDE9B33131E}.Debug|Any CPU.Build.0 = Debug|Any CPU
		{E8FE1226-75A9-44E7-AE93-0FDE9B33131E}.Release|Any CPU.ActiveCfg = Release|Any CPU
		{E8FE1226-75A9-44E7-AE93-0FDE9B33131E}.Release|Any CPU.Build.0 = Release|Any CPU
	EndGlobalSection
	GlobalSection(SolutionProperties) = preSolution
		HideSolutionNode = FALSE
	EndGlobalSection
	GlobalSection(NestedProjects) = preSolution
		{1DB6E5EA-89BD-40BA-AC38-C5419A44D62B} = {8B9F415C-76BF-4354-A82F-06F23462E7A1}
		{15AA742C-5FFF-436E-9DB4-E126D86C6FAD} = {8B9F415C-76BF-4354-A82F-06F23462E7A1}
		{8FB046AC-5034-4EB6-ABD6-EAC146FBDCA5} = {8B9F415C-76BF-4354-A82F-06F23462E7A1}
		{9A941802-33E8-466E-88B4-9E415C845F1D} = {8B9F415C-76BF-4354-A82F-06F23462E7A1}
		{4FDBBAB4-C17D-4445-822F-CE1E8DCD4E47} = {8B9F415C-76BF-4354-A82F-06F23462E7A1}
		{B058CD45-8EC5-4055-AE49-C1908EABCF76} = {8B9F415C-76BF-4354-A82F-06F23462E7A1}
		{99ABA885-DECC-4386-99AA-FAA39289224E} = {8B9F415C-76BF-4354-A82F-06F23462E7A1}
		{62A58AAE-1F78-415A-92C7-3166916FA12E} = {8B9F415C-76BF-4354-A82F-06F23462E7A1}
		{CC961D5E-5DF7-43B8-BB2A-5D213FFE6808} = {8B9F415C-76BF-4354-A82F-06F23462E7A1}
		{67DAEDFC-F55E-48FF-934D-D31FD6EF1E94} = {8B9F415C-76BF-4354-A82F-06F23462E7A1}
		{3D158E8D-833D-40DD-9069-D4FD6A654324} = {8B9F415C-76BF-4354-A82F-06F23462E7A1}
		{6B4623E8-9D57-481C-997C-EFB8FA0BB654} = {8B9F415C-76BF-4354-A82F-06F23462E7A1}
		{82CD1D81-F0DD-4E93-ADB5-8BD9726975DA} = {8B9F415C-76BF-4354-A82F-06F23462E7A1}
		{80C520C1-2C2D-4F38-8635-AC29D301CE2D} = {8B9F415C-76BF-4354-A82F-06F23462E7A1}
		{F3886092-8CB7-429A-8CC6-747AFB6B9CE7} = {8B9F415C-76BF-4354-A82F-06F23462E7A1}
		{801BA298-4350-4586-BFE8-0C4D50B64B53} = {8B9F415C-76BF-4354-A82F-06F23462E7A1}
		{7259B038-ECFA-4646-B0D2-C2CEB43897DA} = {8B9F415C-76BF-4354-A82F-06F23462E7A1}
		{688DBAD9-1BE4-4A82-9D3A-688E876A0800} = {8B9F415C-76BF-4354-A82F-06F23462E7A1}
		{DC9628F0-0EB9-42B9-AE87-FC29B6D24845} = {8B9F415C-76BF-4354-A82F-06F23462E7A1}
		{8DE40E82-FDAE-472C-82A2-9A32B3A6A962} = {8B9F415C-76BF-4354-A82F-06F23462E7A1}
		{AA7662D1-E0D4-4030-88A3-596D6884C6B9} = {8B9F415C-76BF-4354-A82F-06F23462E7A1}
		{0E59AF95-803B-4C6E-9FB4-1A7E95F762F4} = {8B9F415C-76BF-4354-A82F-06F23462E7A1}
		{96929A69-8EA7-416F-86D6-4434EF4F059B} = {8B9F415C-76BF-4354-A82F-06F23462E7A1}
		{F123B6CE-27AA-472C-BE95-DCBF8B0D3619} = {8B9F415C-76BF-4354-A82F-06F23462E7A1}
		{C1F897D0-1137-4079-8EDE-9BD195A4E78D} = {8B9F415C-76BF-4354-A82F-06F23462E7A1}
		{3E2EAFA1-6353-4E2F-B917-A444A0C8D57F} = {1A1159BD-499D-494F-A150-743A1CAD3A90}
		{DAE7C488-19E0-444C-9FDC-D4B8D3F35D24} = {1A1159BD-499D-494F-A150-743A1CAD3A90}
		{585B60E5-EFDB-4F7D-939E-4B22AA102621} = {1A1159BD-499D-494F-A150-743A1CAD3A90}
		{D6E0104E-0DE4-44B2-AECF-5B1032F3C371} = {1A1159BD-499D-494F-A150-743A1CAD3A90}
		{89B93837-D0DE-43E7-B3CC-4E06AC6F4697} = {1A1159BD-499D-494F-A150-743A1CAD3A90}
		{E52AEB33-F138-4BD6-906D-21603462809A} = {D660B9DF-E385-4436-9909-AF582BEDF427}
		{8F049CA8-27CD-4B58-AB96-0C655BB959B1} = {D660B9DF-E385-4436-9909-AF582BEDF427}
		{5640BFB9-0186-44F9-80C6-34561ACF0927} = {D660B9DF-E385-4436-9909-AF582BEDF427}
		{1077C30E-BD53-45F1-9FAA-D7A64A664FF5} = {D660B9DF-E385-4436-9909-AF582BEDF427}
		{E8FE1226-75A9-44E7-AE93-0FDE9B33131E} = {D660B9DF-E385-4436-9909-AF582BEDF427}
	EndGlobalSection
	GlobalSection(ExtensibilityGlobals) = postSolution
		SolutionGuid = {F961B381-232B-4B70-8E31-F2F0C748E587}
	EndGlobalSection
EndGlobal
