
Microsoft Visual Studio Solution File, Format Version 12.00
# Visual Studio Version 17
VisualStudioVersion = 17.1.32210.238
MinimumVisualStudioVersion = 10.0.40219.1
Project("{9A19103F-16F7-4668-BE54-9A1E7A4F7556}") = "Day1", "Day1\Day1.csproj", "{1DB6E5EA-89BD-40BA-AC38-C5419A44D62B}"
EndProject
Project("{9A19103F-16F7-4668-BE54-9A1E7A4F7556}") = "Day2", "Day2\Day2.csproj", "{15AA742C-5FFF-436E-9DB4-E126D86C6FAD}"
EndProject
Project("{9A19103F-16F7-4668-BE54-9A1E7A4F7556}") = "Day3", "Day3\Day3.csproj", "{8FB046AC-5034-4EB6-ABD6-EAC146FBDCA5}"
EndProject
Project("{9A19103F-16F7-4668-BE54-9A1E7A4F7556}") = "Day4", "Day4\Day4.csproj", "{9A941802-33E8-466E-88B4-9E415C845F1D}"
EndProject
Project("{9A19103F-16F7-4668-BE54-9A1E7A4F7556}") = "Day5", "Day5\Day5.csproj", "{4FDBBAB4-C17D-4445-822F-CE1E8DCD4E47}"
EndProject
Project("{9A19103F-16F7-4668-BE54-9A1E7A4F7556}") = "Day6", "Day6\Day6.csproj", "{B058CD45-8EC5-4055-AE49-C1908EABCF76}"
EndProject
Project("{9A19103F-16F7-4668-BE54-9A1E7A4F7556}") = "Day7", "Day7\Day7.csproj", "{99ABA885-DECC-4386-99AA-FAA39289224E}"
EndProject
Project("{9A19103F-16F7-4668-BE54-9A1E7A4F7556}") = "Day8", "Day8\Day8.csproj", "{62A58AAE-1F78-415A-92C7-3166916FA12E}"
EndProject
Project("{9A19103F-16F7-4668-BE54-9A1E7A4F7556}") = "Utils", "Utils\Utils.csproj", "{6BC09445-CB06-4F23-9946-EB62EAD215F4}"
EndProject
Project("{9A19103F-16F7-4668-BE54-9A1E7A4F7556}") = "Day9", "Day9\Day9.csproj", "{CC961D5E-5DF7-43B8-BB2A-5D213FFE6808}"
EndProject
Project("{9A19103F-16F7-4668-BE54-9A1E7A4F7556}") = "Day10", "Day10\Day10.csproj", "{67DAEDFC-F55E-48FF-934D-D31FD6EF1E94}"
EndProject
Project("{9A19103F-16F7-4668-BE54-9A1E7A4F7556}") = "Day11", "Day11\Day11.csproj", "{3D158E8D-833D-40DD-9069-D4FD6A654324}"
EndProject
Project("{9A19103F-16F7-4668-BE54-9A1E7A4F7556}") = "Day12", "Day12\Day12.csproj", "{6B4623E8-9D57-481C-997C-EFB8FA0BB654}"
EndProject
Project("{9A19103F-16F7-4668-BE54-9A1E7A4F7556}") = "Day13", "Day13\Day13.csproj", "{82CD1D81-F0DD-4E93-ADB5-8BD9726975DA}"
EndProject
Project("{9A19103F-16F7-4668-BE54-9A1E7A4F7556}") = "Day14", "Day14\Day14.csproj", "{80C520C1-2C2D-4F38-8635-AC29D301CE2D}"
EndProject
Project("{9A19103F-16F7-4668-BE54-9A1E7A4F7556}") = "Day15", "Day15\Day15.csproj", "{F3886092-8CB7-429A-8CC6-747AFB6B9CE7}"
EndProject
Project("{9A19103F-16F7-4668-BE54-9A1E7A4F7556}") = "Day16", "Day16\Day16.csproj", "{801BA298-4350-4586-BFE8-0C4D50B64B53}"
EndProject
Project("{9A19103F-16F7-4668-BE54-9A1E7A4F7556}") = "Day17", "Day17\Day17.csproj", "{7259B038-ECFA-4646-B0D2-C2CEB43897DA}"
EndProject
Project("{9A19103F-16F7-4668-BE54-9A1E7A4F7556}") = "Day18", "Day18\Day18.csproj", "{688DBAD9-1BE4-4A82-9D3A-688E876A0800}"
EndProject
Project("{9A19103F-16F7-4668-BE54-9A1E7A4F7556}") = "Day20", "Day20\Day20.csproj", "{DC9628F0-0EB9-42B9-AE87-FC29B6D24845}"
EndProject
Project("{9A19103F-16F7-4668-BE54-9A1E7A4F7556}") = "Day19", "Day19\Day19.csproj", "{8DE40E82-FDAE-472C-82A2-9A32B3A6A962}"
EndProject
Project("{9A19103F-16F7-4668-BE54-9A1E7A4F7556}") = "Day21", "Day21\Day21.csproj", "{AA7662D1-E0D4-4030-88A3-596D6884C6B9}"
EndProject
Project("{9A19103F-16F7-4668-BE54-9A1E7A4F7556}") = "Day22", "Day22\Day22.csproj", "{0E59AF95-803B-4C6E-9FB4-1A7E95F762F4}"
EndProject
Project("{9A19103F-16F7-4668-BE54-9A1E7A4F7556}") = "Day23", "Day23\Day23.csproj", "{96929A69-8EA7-416F-86D6-4434EF4F059B}"
EndProject
Project("{9A19103F-16F7-4668-BE54-9A1E7A4F7556}") = "Day25", "Day25\Day25.csproj", "{F123B6CE-27AA-472C-BE95-DCBF8B0D3619}"
EndProject
Project("{FAE04EC0-301F-11D3-BF4B-00C04F79EFBC}") = "Day24", "Day24\Day24.csproj", "{C1F897D0-1137-4079-8EDE-9BD195A4E78D}"
EndProject
Global
	GlobalSection(SolutionConfigurationPlatforms) = preSolution
		Debug|Any CPU = Debug|Any CPU
		Release|Any CPU = Release|Any CPU
	EndGlobalSection
	GlobalSection(ProjectConfigurationPlatforms) = postSolution
		{1DB6E5EA-89BD-40BA-AC38-C5419A44D62B}.Debug|Any CPU.ActiveCfg = Debug|Any CPU
		{1DB6E5EA-89BD-40BA-AC38-C5419A44D62B}.Debug|Any CPU.Build.0 = Debug|Any CPU
		{1DB6E5EA-89BD-40BA-AC38-C5419A44D62B}.Release|Any CPU.ActiveCfg = Release|Any CPU
		{1DB6E5EA-89BD-40BA-AC38-C5419A44D62B}.Release|Any CPU.Build.0 = Release|Any CPU
		{15AA742C-5FFF-436E-9DB4-E126D86C6FAD}.Debug|Any CPU.ActiveCfg = Debug|Any CPU
		{15AA742C-5FFF-436E-9DB4-E126D86C6FAD}.Debug|Any CPU.Build.0 = Debug|Any CPU
		{15AA742C-5FFF-436E-9DB4-E126D86C6FAD}.Release|Any CPU.ActiveCfg = Release|Any CPU
		{15AA742C-5FFF-436E-9DB4-E126D86C6FAD}.Release|Any CPU.Build.0 = Release|Any CPU
		{8FB046AC-5034-4EB6-ABD6-EAC146FBDCA5}.Debug|Any CPU.ActiveCfg = Debug|Any CPU
		{8FB046AC-5034-4EB6-ABD6-EAC146FBDCA5}.Debug|Any CPU.Build.0 = Debug|Any CPU
		{8FB046AC-5034-4EB6-ABD6-EAC146FBDCA5}.Release|Any CPU.ActiveCfg = Release|Any CPU
		{8FB046AC-5034-4EB6-ABD6-EAC146FBDCA5}.Release|Any CPU.Build.0 = Release|Any CPU
		{9A941802-33E8-466E-88B4-9E415C845F1D}.Debug|Any CPU.ActiveCfg = Debug|Any CPU
		{9A941802-33E8-466E-88B4-9E415C845F1D}.Debug|Any CPU.Build.0 = Debug|Any CPU
		{9A941802-33E8-466E-88B4-9E415C845F1D}.Release|Any CPU.ActiveCfg = Release|Any CPU
		{9A941802-33E8-466E-88B4-9E415C845F1D}.Release|Any CPU.Build.0 = Release|Any CPU
		{4FDBBAB4-C17D-4445-822F-CE1E8DCD4E47}.Debug|Any CPU.ActiveCfg = Debug|Any CPU
		{4FDBBAB4-C17D-4445-822F-CE1E8DCD4E47}.Debug|Any CPU.Build.0 = Debug|Any CPU
		{4FDBBAB4-C17D-4445-822F-CE1E8DCD4E47}.Release|Any CPU.ActiveCfg = Release|Any CPU
		{4FDBBAB4-C17D-4445-822F-CE1E8DCD4E47}.Release|Any CPU.Build.0 = Release|Any CPU
		{B058CD45-8EC5-4055-AE49-C1908EABCF76}.Debug|Any CPU.ActiveCfg = Debug|Any CPU
		{B058CD45-8EC5-4055-AE49-C1908EABCF76}.Debug|Any CPU.Build.0 = Debug|Any CPU
		{B058CD45-8EC5-4055-AE49-C1908EABCF76}.Release|Any CPU.ActiveCfg = Release|Any CPU
		{B058CD45-8EC5-4055-AE49-C1908EABCF76}.Release|Any CPU.Build.0 = Release|Any CPU
		{99ABA885-DECC-4386-99AA-FAA39289224E}.Debug|Any CPU.ActiveCfg = Debug|Any CPU
		{99ABA885-DECC-4386-99AA-FAA39289224E}.Debug|Any CPU.Build.0 = Debug|Any CPU
		{99ABA885-DECC-4386-99AA-FAA39289224E}.Release|Any CPU.ActiveCfg = Release|Any CPU
		{99ABA885-DECC-4386-99AA-FAA39289224E}.Release|Any CPU.Build.0 = Release|Any CPU
		{62A58AAE-1F78-415A-92C7-3166916FA12E}.Debug|Any CPU.ActiveCfg = Debug|Any CPU
		{62A58AAE-1F78-415A-92C7-3166916FA12E}.Debug|Any CPU.Build.0 = Debug|Any CPU
		{62A58AAE-1F78-415A-92C7-3166916FA12E}.Release|Any CPU.ActiveCfg = Release|Any CPU
		{62A58AAE-1F78-415A-92C7-3166916FA12E}.Release|Any CPU.Build.0 = Release|Any CPU
		{6BC09445-CB06-4F23-9946-EB62EAD215F4}.Debug|Any CPU.ActiveCfg = Debug|Any CPU
		{6BC09445-CB06-4F23-9946-EB62EAD215F4}.Debug|Any CPU.Build.0 = Debug|Any CPU
		{6BC09445-CB06-4F23-9946-EB62EAD215F4}.Release|Any CPU.ActiveCfg = Release|Any CPU
		{6BC09445-CB06-4F23-9946-EB62EAD215F4}.Release|Any CPU.Build.0 = Release|Any CPU
		{CC961D5E-5DF7-43B8-BB2A-5D213FFE6808}.Debug|Any CPU.ActiveCfg = Debug|Any CPU
		{CC961D5E-5DF7-43B8-BB2A-5D213FFE6808}.Debug|Any CPU.Build.0 = Debug|Any CPU
		{CC961D5E-5DF7-43B8-BB2A-5D213FFE6808}.Release|Any CPU.ActiveCfg = Release|Any CPU
		{CC961D5E-5DF7-43B8-BB2A-5D213FFE6808}.Release|Any CPU.Build.0 = Release|Any CPU
		{67DAEDFC-F55E-48FF-934D-D31FD6EF1E94}.Debug|Any CPU.ActiveCfg = Debug|Any CPU
		{67DAEDFC-F55E-48FF-934D-D31FD6EF1E94}.Debug|Any CPU.Build.0 = Debug|Any CPU
		{67DAEDFC-F55E-48FF-934D-D31FD6EF1E94}.Release|Any CPU.ActiveCfg = Release|Any CPU
		{67DAEDFC-F55E-48FF-934D-D31FD6EF1E94}.Release|Any CPU.Build.0 = Release|Any CPU
		{3D158E8D-833D-40DD-9069-D4FD6A654324}.Debug|Any CPU.ActiveCfg = Debug|Any CPU
		{3D158E8D-833D-40DD-9069-D4FD6A654324}.Debug|Any CPU.Build.0 = Debug|Any CPU
		{3D158E8D-833D-40DD-9069-D4FD6A654324}.Release|Any CPU.ActiveCfg = Release|Any CPU
		{3D158E8D-833D-40DD-9069-D4FD6A654324}.Release|Any CPU.Build.0 = Release|Any CPU
		{6B4623E8-9D57-481C-997C-EFB8FA0BB654}.Debug|Any CPU.ActiveCfg = Debug|Any CPU
		{6B4623E8-9D57-481C-997C-EFB8FA0BB654}.Debug|Any CPU.Build.0 = Debug|Any CPU
		{6B4623E8-9D57-481C-997C-EFB8FA0BB654}.Release|Any CPU.ActiveCfg = Release|Any CPU
		{6B4623E8-9D57-481C-997C-EFB8FA0BB654}.Release|Any CPU.Build.0 = Release|Any CPU
		{82CD1D81-F0DD-4E93-ADB5-8BD9726975DA}.Debug|Any CPU.ActiveCfg = Debug|Any CPU
		{82CD1D81-F0DD-4E93-ADB5-8BD9726975DA}.Debug|Any CPU.Build.0 = Debug|Any CPU
		{82CD1D81-F0DD-4E93-ADB5-8BD9726975DA}.Release|Any CPU.ActiveCfg = Release|Any CPU
		{82CD1D81-F0DD-4E93-ADB5-8BD9726975DA}.Release|Any CPU.Build.0 = Release|Any CPU
		{80C520C1-2C2D-4F38-8635-AC29D301CE2D}.Debug|Any CPU.ActiveCfg = Debug|Any CPU
		{80C520C1-2C2D-4F38-8635-AC29D301CE2D}.Debug|Any CPU.Build.0 = Debug|Any CPU
		{80C520C1-2C2D-4F38-8635-AC29D301CE2D}.Release|Any CPU.ActiveCfg = Release|Any CPU
		{80C520C1-2C2D-4F38-8635-AC29D301CE2D}.Release|Any CPU.Build.0 = Release|Any CPU
		{F3886092-8CB7-429A-8CC6-747AFB6B9CE7}.Debug|Any CPU.ActiveCfg = Debug|Any CPU
		{F3886092-8CB7-429A-8CC6-747AFB6B9CE7}.Debug|Any CPU.Build.0 = Debug|Any CPU
		{F3886092-8CB7-429A-8CC6-747AFB6B9CE7}.Release|Any CPU.ActiveCfg = Release|Any CPU
		{F3886092-8CB7-429A-8CC6-747AFB6B9CE7}.Release|Any CPU.Build.0 = Release|Any CPU
		{801BA298-4350-4586-BFE8-0C4D50B64B53}.Debug|Any CPU.ActiveCfg = Debug|Any CPU
		{801BA298-4350-4586-BFE8-0C4D50B64B53}.Debug|Any CPU.Build.0 = Debug|Any CPU
		{801BA298-4350-4586-BFE8-0C4D50B64B53}.Release|Any CPU.ActiveCfg = Release|Any CPU
		{801BA298-4350-4586-BFE8-0C4D50B64B53}.Release|Any CPU.Build.0 = Release|Any CPU
		{7259B038-ECFA-4646-B0D2-C2CEB43897DA}.Debug|Any CPU.ActiveCfg = Debug|Any CPU
		{7259B038-ECFA-4646-B0D2-C2CEB43897DA}.Debug|Any CPU.Build.0 = Debug|Any CPU
		{7259B038-ECFA-4646-B0D2-C2CEB43897DA}.Release|Any CPU.ActiveCfg = Release|Any CPU
		{7259B038-ECFA-4646-B0D2-C2CEB43897DA}.Release|Any CPU.Build.0 = Release|Any CPU
		{688DBAD9-1BE4-4A82-9D3A-688E876A0800}.Debug|Any CPU.ActiveCfg = Debug|Any CPU
		{688DBAD9-1BE4-4A82-9D3A-688E876A0800}.Debug|Any CPU.Build.0 = Debug|Any CPU
		{688DBAD9-1BE4-4A82-9D3A-688E876A0800}.Release|Any CPU.ActiveCfg = Release|Any CPU
		{688DBAD9-1BE4-4A82-9D3A-688E876A0800}.Release|Any CPU.Build.0 = Release|Any CPU
		{DC9628F0-0EB9-42B9-AE87-FC29B6D24845}.Debug|Any CPU.ActiveCfg = Debug|Any CPU
		{DC9628F0-0EB9-42B9-AE87-FC29B6D24845}.Debug|Any CPU.Build.0 = Debug|Any CPU
		{DC9628F0-0EB9-42B9-AE87-FC29B6D24845}.Release|Any CPU.ActiveCfg = Release|Any CPU
		{DC9628F0-0EB9-42B9-AE87-FC29B6D24845}.Release|Any CPU.Build.0 = Release|Any CPU
		{8DE40E82-FDAE-472C-82A2-9A32B3A6A962}.Debug|Any CPU.ActiveCfg = Debug|Any CPU
		{8DE40E82-FDAE-472C-82A2-9A32B3A6A962}.Debug|Any CPU.Build.0 = Debug|Any CPU
		{8DE40E82-FDAE-472C-82A2-9A32B3A6A962}.Release|Any CPU.ActiveCfg = Release|Any CPU
		{8DE40E82-FDAE-472C-82A2-9A32B3A6A962}.Release|Any CPU.Build.0 = Release|Any CPU
		{AA7662D1-E0D4-4030-88A3-596D6884C6B9}.Debug|Any CPU.ActiveCfg = Debug|Any CPU
		{AA7662D1-E0D4-4030-88A3-596D6884C6B9}.Debug|Any CPU.Build.0 = Debug|Any CPU
		{AA7662D1-E0D4-4030-88A3-596D6884C6B9}.Release|Any CPU.ActiveCfg = Release|Any CPU
		{AA7662D1-E0D4-4030-88A3-596D6884C6B9}.Release|Any CPU.Build.0 = Release|Any CPU
		{0E59AF95-803B-4C6E-9FB4-1A7E95F762F4}.Debug|Any CPU.ActiveCfg = Debug|Any CPU
		{0E59AF95-803B-4C6E-9FB4-1A7E95F762F4}.Debug|Any CPU.Build.0 = Debug|Any CPU
		{0E59AF95-803B-4C6E-9FB4-1A7E95F762F4}.Release|Any CPU.ActiveCfg = Release|Any CPU
		{0E59AF95-803B-4C6E-9FB4-1A7E95F762F4}.Release|Any CPU.Build.0 = Release|Any CPU
		{96929A69-8EA7-416F-86D6-4434EF4F059B}.Debug|Any CPU.ActiveCfg = Debug|Any CPU
		{96929A69-8EA7-416F-86D6-4434EF4F059B}.Debug|Any CPU.Build.0 = Debug|Any CPU
		{96929A69-8EA7-416F-86D6-4434EF4F059B}.Release|Any CPU.ActiveCfg = Release|Any CPU
		{96929A69-8EA7-416F-86D6-4434EF4F059B}.Release|Any CPU.Build.0 = Release|Any CPU
		{F123B6CE-27AA-472C-BE95-DCBF8B0D3619}.Debug|Any CPU.ActiveCfg = Debug|Any CPU
		{F123B6CE-27AA-472C-BE95-DCBF8B0D3619}.Debug|Any CPU.Build.0 = Debug|Any CPU
		{F123B6CE-27AA-472C-BE95-DCBF8B0D3619}.Release|Any CPU.ActiveCfg = Release|Any CPU
		{F123B6CE-27AA-472C-BE95-DCBF8B0D3619}.Release|Any CPU.Build.0 = Release|Any CPU
		{C1F897D0-1137-4079-8EDE-9BD195A4E78D}.Debug|Any CPU.ActiveCfg = Debug|Any CPU
		{C1F897D0-1137-4079-8EDE-9BD195A4E78D}.Debug|Any CPU.Build.0 = Debug|Any CPU
		{C1F897D0-1137-4079-8EDE-9BD195A4E78D}.Release|Any CPU.ActiveCfg = Release|Any CPU
		{C1F897D0-1137-4079-8EDE-9BD195A4E78D}.Release|Any CPU.Build.0 = Release|Any CPU
	EndGlobalSection
	GlobalSection(SolutionProperties) = preSolution
		HideSolutionNode = FALSE
	EndGlobalSection
	GlobalSection(ExtensibilityGlobals) = postSolution
		SolutionGuid = {F961B381-232B-4B70-8E31-F2F0C748E587}
	EndGlobalSection
EndGlobal
