
Microsoft Visual Studio Solution File, Format Version 12.00
# Visual Studio Version 17
VisualStudioVersion = 17.1.32210.238
MinimumVisualStudioVersion = 10.0.40219.1
Project("{9A19103F-16F7-4668-BE54-9A1E7A4F7556}") = "Day1", "Day1\Day1.csproj", "{1DB6E5EA-89BD-40BA-AC38-C5419A44D62B}"
EndProject
Project("{9A19103F-16F7-4668-BE54-9A1E7A4F7556}") = "Day2", "Day2\Day2.csproj", "{15AA742C-5FFF-436E-9DB4-E126D86C6FAD}"
EndProject
Project("{9A19103F-16F7-4668-BE54-9A1E7A4F7556}") = "Day3", "Day3\Day3.csproj", "{8FB046AC-5034-4EB6-ABD6-EAC146FBDCA5}"
EndProject
Project("{9A19103F-16F7-4668-BE54-9A1E7A4F7556}") = "Day4", "Day4\Day4.csproj", "{9A941802-33E8-466E-88B4-9E415C845F1D}"
EndProject
Project("{9A19103F-16F7-4668-BE54-9A1E7A4F7556}") = "Day5", "Day5\Day5.csproj", "{4FDBBAB4-C17D-4445-822F-CE1E8DCD4E47}"
EndProject
Project("{9A19103F-16F7-4668-BE54-9A1E7A4F7556}") = "Day6", "Day6\Day6.csproj", "{B058CD45-8EC5-4055-AE49-C1908EABCF76}"
EndProject
Project("{FAE04EC0-301F-11D3-BF4B-00C04F79EFBC}") = "Day7", "Day7\Day7.csproj", "{99ABA885-DECC-4386-99AA-FAA39289224E}"
EndProject
Global
	GlobalSection(SolutionConfigurationPlatforms) = preSolution
		Debug|Any CPU = Debug|Any CPU
		Release|Any CPU = Release|Any CPU
	EndGlobalSection
	GlobalSection(ProjectConfigurationPlatforms) = postSolution
		{1DB6E5EA-89BD-40BA-AC38-C5419A44D62B}.Debug|Any CPU.ActiveCfg = Debug|Any CPU
		{1DB6E5EA-89BD-40BA-AC38-C5419A44D62B}.Debug|Any CPU.Build.0 = Debug|Any CPU
		{1DB6E5EA-89BD-40BA-AC38-C5419A44D62B}.Release|Any CPU.ActiveCfg = Release|Any CPU
		{1DB6E5EA-89BD-40BA-AC38-C5419A44D62B}.Release|Any CPU.Build.0 = Release|Any CPU
		{15AA742C-5FFF-436E-9DB4-E126D86C6FAD}.Debug|Any CPU.ActiveCfg = Debug|Any CPU
		{15AA742C-5FFF-436E-9DB4-E126D86C6FAD}.Debug|Any CPU.Build.0 = Debug|Any CPU
		{15AA742C-5FFF-436E-9DB4-E126D86C6FAD}.Release|Any CPU.ActiveCfg = Release|Any CPU
		{15AA742C-5FFF-436E-9DB4-E126D86C6FAD}.Release|Any CPU.Build.0 = Release|Any CPU
		{8FB046AC-5034-4EB6-ABD6-EAC146FBDCA5}.Debug|Any CPU.ActiveCfg = Debug|Any CPU
		{8FB046AC-5034-4EB6-ABD6-EAC146FBDCA5}.Debug|Any CPU.Build.0 = Debug|Any CPU
		{8FB046AC-5034-4EB6-ABD6-EAC146FBDCA5}.Release|Any CPU.ActiveCfg = Release|Any CPU
		{8FB046AC-5034-4EB6-ABD6-EAC146FBDCA5}.Release|Any CPU.Build.0 = Release|Any CPU
		{9A941802-33E8-466E-88B4-9E415C845F1D}.Debug|Any CPU.ActiveCfg = Debug|Any CPU
		{9A941802-33E8-466E-88B4-9E415C845F1D}.Debug|Any CPU.Build.0 = Debug|Any CPU
		{9A941802-33E8-466E-88B4-9E415C845F1D}.Release|Any CPU.ActiveCfg = Release|Any CPU
		{9A941802-33E8-466E-88B4-9E415C845F1D}.Release|Any CPU.Build.0 = Release|Any CPU
		{4FDBBAB4-C17D-4445-822F-CE1E8DCD4E47}.Debug|Any CPU.ActiveCfg = Debug|Any CPU
		{4FDBBAB4-C17D-4445-822F-CE1E8DCD4E47}.Debug|Any CPU.Build.0 = Debug|Any CPU
		{4FDBBAB4-C17D-4445-822F-CE1E8DCD4E47}.Release|Any CPU.ActiveCfg = Release|Any CPU
		{4FDBBAB4-C17D-4445-822F-CE1E8DCD4E47}.Release|Any CPU.Build.0 = Release|Any CPU
		{B058CD45-8EC5-4055-AE49-C1908EABCF76}.Debug|Any CPU.ActiveCfg = Debug|Any CPU
		{B058CD45-8EC5-4055-AE49-C1908EABCF76}.Debug|Any CPU.Build.0 = Debug|Any CPU
		{B058CD45-8EC5-4055-AE49-C1908EABCF76}.Release|Any CPU.ActiveCfg = Release|Any CPU
		{B058CD45-8EC5-4055-AE49-C1908EABCF76}.Release|Any CPU.Build.0 = Release|Any CPU
		{99ABA885-DECC-4386-99AA-FAA39289224E}.Debug|Any CPU.ActiveCfg = Debug|Any CPU
		{99ABA885-DECC-4386-99AA-FAA39289224E}.Debug|Any CPU.Build.0 = Debug|Any CPU
		{99ABA885-DECC-4386-99AA-FAA39289224E}.Release|Any CPU.ActiveCfg = Release|Any CPU
		{99ABA885-DECC-4386-99AA-FAA39289224E}.Release|Any CPU.Build.0 = Release|Any CPU
	EndGlobalSection
	GlobalSection(SolutionProperties) = preSolution
		HideSolutionNode = FALSE
	EndGlobalSection
	GlobalSection(ExtensibilityGlobals) = postSolution
		SolutionGuid = {F961B381-232B-4B70-8E31-F2F0C748E587}
	EndGlobalSection
EndGlobal
